
Microsoft Visual Studio Solution File, Format Version 12.00
# Visual Studio 15
VisualStudioVersion = 15.0.28307.102
MinimumVisualStudioVersion = 10.0.40219.1
Project("{FAE04EC0-301F-11D3-BF4B-00C04F79EFBC}") = "DesignPatterns", "DesignPatterns\DesignPatterns.csproj", "{3182D670-96B1-47C3-94B0-C4AE9E10A28E}"
EndProject
Project("{FAE04EC0-301F-11D3-BF4B-00C04F79EFBC}") = "DesignPatternsTest", "DesignPatternsTest\DesignPatternsTest.csproj", "{3ACBEC1A-DA25-4157-AFB1-A917BA527FDA}"
EndProject
Global
	GlobalSection(SolutionConfigurationPlatforms) = preSolution
		Debug|Any CPU = Debug|Any CPU
		Release|Any CPU = Release|Any CPU
	EndGlobalSection
	GlobalSection(ProjectConfigurationPlatforms) = postSolution
		{3182D670-96B1-47C3-94B0-C4AE9E10A28E}.Debug|Any CPU.ActiveCfg = Debug|Any CPU
		{3182D670-96B1-47C3-94B0-C4AE9E10A28E}.Debug|Any CPU.Build.0 = Debug|Any CPU
		{3182D670-96B1-47C3-94B0-C4AE9E10A28E}.Release|Any CPU.ActiveCfg = Release|Any CPU
		{3182D670-96B1-47C3-94B0-C4AE9E10A28E}.Release|Any CPU.Build.0 = Release|Any CPU
		{3ACBEC1A-DA25-4157-AFB1-A917BA527FDA}.Debug|Any CPU.ActiveCfg = Debug|Any CPU
		{3ACBEC1A-DA25-4157-AFB1-A917BA527FDA}.Debug|Any CPU.Build.0 = Debug|Any CPU
		{3ACBEC1A-DA25-4157-AFB1-A917BA527FDA}.Release|Any CPU.ActiveCfg = Release|Any CPU
		{3ACBEC1A-DA25-4157-AFB1-A917BA527FDA}.Release|Any CPU.Build.0 = Release|Any CPU
	EndGlobalSection
	GlobalSection(SolutionProperties) = preSolution
		HideSolutionNode = FALSE
	EndGlobalSection
	GlobalSection(ExtensibilityGlobals) = postSolution
		SolutionGuid = {F62C751F-1A76-4DF0-A45A-3F693AAEE2A2}
	EndGlobalSection
EndGlobal
